<?xml version="1.0" encoding="utf-8"?>
<Project ToolsVersion="4.0" xmlns="http://schemas.microsoft.com/developer/msbuild/2003">
  <ItemGroup>
    <Filter Include="Source Files">
      <UniqueIdentifier>{4FC737F1-C7A5-4376-A066-2A32D752A2FF}</UniqueIdentifier>
      <Extensions>cpp;c;cc;cxx;def;odl;idl;hpj;bat;asm;asmx</Extensions>
    </Filter>
    <Filter Include="Header Files">
      <UniqueIdentifier>{93995380-89BD-4b04-88EB-625FBE52EBFB}</UniqueIdentifier>
      <Extensions>h;hh;hpp;hxx;hm;inl;inc;ipp;xsd</Extensions>
    </Filter>
    <Filter Include="Resource Files">
      <UniqueIdentifier>{67DA6AB6-F800-4c08-8B7A-83BB121AAD01}</UniqueIdentifier>
      <Extensions>rc;ico;cur;bmp;dlg;rc2;rct;bin;rgs;gif;jpg;jpeg;jpe;resx;tiff;tif;png;wav;mfcribbon-ms</Extensions>
    </Filter>
    <Filter Include="Shaders">
      <UniqueIdentifier>{982e81e4-3a31-4145-8ffc-133a03d677e5}</UniqueIdentifier>
    </Filter>
    <Filter Include="Shaders\Fragment">
      <UniqueIdentifier>{0d01e147-133d-4d63-ba93-7d786d92adf5}</UniqueIdentifier>
    </Filter>
    <Filter Include="Shaders\Vertex">
      <UniqueIdentifier>{8a81a7f1-5363-42ad-96f4-0520bc20017b}</UniqueIdentifier>
    </Filter>
    <Filter Include="assimp">
      <UniqueIdentifier>{a9c8b203-4daa-465c-a47a-e835f4159132}</UniqueIdentifier>
    </Filter>
  </ItemGroup>
  <ItemGroup>
    <ClCompile Include="glad.c">
      <Filter>Source Files</Filter>
    </ClCompile>
    <ClCompile Include="main.cpp">
      <Filter>Source Files</Filter>
    </ClCompile>
    <ClCompile Include="stb_image.cpp">
      <Filter>Source Files</Filter>
    </ClCompile>
    <ClCompile Include="Input.cpp">
      <Filter>Source Files</Filter>
    </ClCompile>
  </ItemGroup>
  <ItemGroup>
    <None Include="packages.config" />
    <None Include="..\bin\shaders\fragment\lamp_frag4.fs">
      <Filter>Shaders\Fragment</Filter>
    </None>
    <None Include="..\bin\shaders\vertex\lamp_vert3.vs">
      <Filter>Shaders\Vertex</Filter>
    </None>
    <None Include="..\OpenGL\libraries\Includes\assimp\color4.inl">
      <Filter>assimp</Filter>
    </None>
    <None Include="..\OpenGL\libraries\Includes\assimp\material.inl">
      <Filter>assimp</Filter>
    </None>
    <None Include="..\OpenGL\libraries\Includes\assimp\matrix3x3.inl">
      <Filter>assimp</Filter>
    </None>
    <None Include="..\OpenGL\libraries\Includes\assimp\matrix4x4.inl">
      <Filter>assimp</Filter>
    </None>
    <None Include="..\OpenGL\libraries\Includes\assimp\quaternion.inl">
      <Filter>assimp</Filter>
    </None>
    <None Include="..\OpenGL\libraries\Includes\assimp\vector2.inl">
      <Filter>assimp</Filter>
    </None>
    <None Include="..\OpenGL\libraries\Includes\assimp\vector3.inl">
      <Filter>assimp</Filter>
    </None>
    <None Include="..\bin\shaders\fragment\fragModel.fs">
      <Filter>Shaders\Fragment</Filter>
    </None>
    <None Include="..\bin\shaders\vertex\vertModel.vs">
      <Filter>Shaders\Vertex</Filter>
    </None>
  </ItemGroup>
  <ItemGroup>
    <ClInclude Include="shaders.h">
      <Filter>Header Files</Filter>
    </ClInclude>
    <ClInclude Include="Shader.h">
      <Filter>Header Files</Filter>
    </ClInclude>
    <ClInclude Include="stb_image.h">
      <Filter>Header Files</Filter>
    </ClInclude>
    <ClInclude Include="Camera.h">
      <Filter>Header Files</Filter>
    </ClInclude>
    <ClInclude Include="Input.h">
      <Filter>Header Files</Filter>
    </ClInclude>
    <ClInclude Include="InputStarter.h">
      <Filter>Header Files</Filter>
    </ClInclude>
    <ClInclude Include="mesh.h">
      <Filter>Header Files</Filter>
    </ClInclude>
    <ClInclude Include="..\OpenGL\libraries\Includes\assimp\ai_assert.h">
      <Filter>assimp</Filter>
    </ClInclude>
    <ClInclude Include="..\OpenGL\libraries\Includes\assimp\anim.h">
      <Filter>assimp</Filter>
    </ClInclude>
    <ClInclude Include="..\OpenGL\libraries\Includes\assimp\camera.h">
      <Filter>assimp</Filter>
    </ClInclude>
    <ClInclude Include="..\OpenGL\libraries\Includes\assimp\cexport.h">
      <Filter>assimp</Filter>
    </ClInclude>
    <ClInclude Include="..\OpenGL\libraries\Includes\assimp\cfileio.h">
      <Filter>assimp</Filter>
    </ClInclude>
    <ClInclude Include="..\OpenGL\libraries\Includes\assimp\cimport.h">
      <Filter>assimp</Filter>
    </ClInclude>
    <ClInclude Include="..\OpenGL\libraries\Includes\assimp\color4.h">
      <Filter>assimp</Filter>
    </ClInclude>
    <ClInclude Include="..\OpenGL\libraries\Includes\assimp\config.h">
      <Filter>assimp</Filter>
    </ClInclude>
    <ClInclude Include="..\OpenGL\libraries\Includes\assimp\DefaultIOStream.h">
      <Filter>assimp</Filter>
    </ClInclude>
    <ClInclude Include="..\OpenGL\libraries\Includes\assimp\DefaultIOSystem.h">
      <Filter>assimp</Filter>
    </ClInclude>
    <ClInclude Include="..\OpenGL\libraries\Includes\assimp\DefaultLogger.hpp">
      <Filter>assimp</Filter>
    </ClInclude>
    <ClInclude Include="..\OpenGL\libraries\Includes\assimp\Defines.h">
      <Filter>assimp</Filter>
    </ClInclude>
    <ClInclude Include="..\OpenGL\libraries\Includes\assimp\defs.h">
      <Filter>assimp</Filter>
    </ClInclude>
    <ClInclude Include="..\OpenGL\libraries\Includes\assimp\Exporter.hpp">
      <Filter>assimp</Filter>
    </ClInclude>
    <ClInclude Include="..\OpenGL\libraries\Includes\assimp\Importer.hpp">
      <Filter>assimp</Filter>
    </ClInclude>
    <ClInclude Include="..\OpenGL\libraries\Includes\assimp\importerdesc.h">
      <Filter>assimp</Filter>
    </ClInclude>
    <ClInclude Include="..\OpenGL\libraries\Includes\assimp\IOStream.hpp">
      <Filter>assimp</Filter>
    </ClInclude>
    <ClInclude Include="..\OpenGL\libraries\Includes\assimp\IOSystem.hpp">
      <Filter>assimp</Filter>
    </ClInclude>
    <ClInclude Include="..\OpenGL\libraries\Includes\assimp\light.h">
      <Filter>assimp</Filter>
    </ClInclude>
    <ClInclude Include="..\OpenGL\libraries\Includes\assimp\Logger.hpp">
      <Filter>assimp</Filter>
    </ClInclude>
    <ClInclude Include="..\OpenGL\libraries\Includes\assimp\LogStream.hpp">
      <Filter>assimp</Filter>
    </ClInclude>
    <ClInclude Include="..\OpenGL\libraries\Includes\assimp\material.h">
      <Filter>assimp</Filter>
    </ClInclude>
    <ClInclude Include="..\OpenGL\libraries\Includes\assimp\matrix3x3.h">
      <Filter>assimp</Filter>
    </ClInclude>
    <ClInclude Include="..\OpenGL\libraries\Includes\assimp\matrix4x4.h">
      <Filter>assimp</Filter>
    </ClInclude>
    <ClInclude Include="..\OpenGL\libraries\Includes\assimp\mesh.h">
      <Filter>assimp</Filter>
    </ClInclude>
    <ClInclude Include="..\OpenGL\libraries\Includes\assimp\metadata.h">
      <Filter>assimp</Filter>
    </ClInclude>
    <ClInclude Include="..\OpenGL\libraries\Includes\assimp\NullLogger.hpp">
      <Filter>assimp</Filter>
    </ClInclude>
    <ClInclude Include="..\OpenGL\libraries\Includes\assimp\postprocess.h">
      <Filter>assimp</Filter>
    </ClInclude>
    <ClInclude Include="..\OpenGL\libraries\Includes\assimp\ProgressHandler.hpp">
      <Filter>assimp</Filter>
    </ClInclude>
    <ClInclude Include="..\OpenGL\libraries\Includes\assimp\quaternion.h">
      <Filter>assimp</Filter>
    </ClInclude>
    <ClInclude Include="..\OpenGL\libraries\Includes\assimp\scene.h">
      <Filter>assimp</Filter>
    </ClInclude>
    <ClInclude Include="..\OpenGL\libraries\Includes\assimp\SceneCombiner.h">
      <Filter>assimp</Filter>
    </ClInclude>
    <ClInclude Include="..\OpenGL\libraries\Includes\assimp\texture.h">
      <Filter>assimp</Filter>
    </ClInclude>
    <ClInclude Include="..\OpenGL\libraries\Includes\assimp\types.h">
      <Filter>assimp</Filter>
    </ClInclude>
    <ClInclude Include="..\OpenGL\libraries\Includes\assimp\vector2.h">
      <Filter>assimp</Filter>
    </ClInclude>
    <ClInclude Include="..\OpenGL\libraries\Includes\assimp\vector3.h">
      <Filter>assimp</Filter>
    </ClInclude>
    <ClInclude Include="..\OpenGL\libraries\Includes\assimp\version.h">
      <Filter>assimp</Filter>
    </ClInclude>
    <ClInclude Include="model.h">
      <Filter>Header Files</Filter>
    </ClInclude>
  </ItemGroup>
  <ItemGroup>
    <Text Include="..\bin\Shaders\Fragment\frag4.fs">
      <Filter>Shaders\Fragment</Filter>
    </Text>
    <Text Include="..\bin\Shaders\Vertex\vert3.vs">
      <Filter>Shaders\Vertex</Filter>
    </Text>
  </ItemGroup>
</Project>